
Microsoft Visual Studio Solution File, Format Version 12.00
# Visual Studio Version 16
VisualStudioVersion = 16.0.30907.101
MinimumVisualStudioVersion = 10.0.40219.1
Project("{FAE04EC0-301F-11D3-BF4B-00C04F79EFBC}") = "CRUDAnSQLAdventure", "CRUDAnSQLAdventure\CRUDAnSQLAdventure.csproj", "{D460BB99-AE30-45EA-B84C-0D8D1C5F4381}"
EndProject
Global
	GlobalSection(SolutionConfigurationPlatforms) = preSolution
		Debug|Any CPU = Debug|Any CPU
		Release|Any CPU = Release|Any CPU
	EndGlobalSection
	GlobalSection(ProjectConfigurationPlatforms) = postSolution
		{D460BB99-AE30-45EA-B84C-0D8D1C5F4381}.Debug|Any CPU.ActiveCfg = Debug|Any CPU
		{D460BB99-AE30-45EA-B84C-0D8D1C5F4381}.Debug|Any CPU.Build.0 = Debug|Any CPU
		{D460BB99-AE30-45EA-B84C-0D8D1C5F4381}.Release|Any CPU.ActiveCfg = Release|Any CPU
		{D460BB99-AE30-45EA-B84C-0D8D1C5F4381}.Release|Any CPU.Build.0 = Release|Any CPU
	EndGlobalSection
	GlobalSection(SolutionProperties) = preSolution
		HideSolutionNode = FALSE
	EndGlobalSection
	GlobalSection(ExtensibilityGlobals) = postSolution
		SolutionGuid = {D9F730B4-31C8-40EE-BA9D-19C645CB14B0}
	EndGlobalSection
EndGlobal
